
Microsoft Visual Studio Solution File, Format Version 12.00
# Visual Studio Version 17
VisualStudioVersion = 17.5.33516.290
MinimumVisualStudioVersion = 10.0.40219.1
Project("{FAE04EC0-301F-11D3-BF4B-00C04F79EFBC}") = "Nine", "Nine\Nine.csproj", "{FCF5334D-C87F-4E04-971A-964940356B54}"
EndProject
Global
	GlobalSection(SolutionConfigurationPlatforms) = preSolution
		Debug|Any CPU = Debug|Any CPU
		Release|Any CPU = Release|Any CPU
	EndGlobalSection
	GlobalSection(ProjectConfigurationPlatforms) = postSolution
		{FCF5334D-C87F-4E04-971A-964940356B54}.Debug|Any CPU.ActiveCfg = Debug|Any CPU
		{FCF5334D-C87F-4E04-971A-964940356B54}.Debug|Any CPU.Build.0 = Debug|Any CPU
		{FCF5334D-C87F-4E04-971A-964940356B54}.Release|Any CPU.ActiveCfg = Release|Any CPU
		{FCF5334D-C87F-4E04-971A-964940356B54}.Release|Any CPU.Build.0 = Release|Any CPU
	EndGlobalSection
	GlobalSection(SolutionProperties) = preSolution
		HideSolutionNode = FALSE
	EndGlobalSection
	GlobalSection(ExtensibilityGlobals) = postSolution
		SolutionGuid = {2DCEE66B-C24C-4709-B9FF-A1A5F69A5601}
	EndGlobalSection
EndGlobal
