
Microsoft Visual Studio Solution File, Format Version 12.00
# Visual Studio Version 17
VisualStudioVersion = 17.4.33213.308
MinimumVisualStudioVersion = 10.0.40219.1
Project("{FAE04EC0-301F-11D3-BF4B-00C04F79EFBC}") = "Web", "Web\Web.csproj", "{D2C3F854-BF3E-42C3-A2BA-BF251E2ABD86}"
EndProject
Global
	GlobalSection(SolutionConfigurationPlatforms) = preSolution
		Debug|Any CPU = Debug|Any CPU
		Release|Any CPU = Release|Any CPU
	EndGlobalSection
	GlobalSection(ProjectConfigurationPlatforms) = postSolution
		{D2C3F854-BF3E-42C3-A2BA-BF251E2ABD86}.Debug|Any CPU.ActiveCfg = Debug|Any CPU
		{D2C3F854-BF3E-42C3-A2BA-BF251E2ABD86}.Debug|Any CPU.Build.0 = Debug|Any CPU
		{D2C3F854-BF3E-42C3-A2BA-BF251E2ABD86}.Release|Any CPU.ActiveCfg = Release|Any CPU
		{D2C3F854-BF3E-42C3-A2BA-BF251E2ABD86}.Release|Any CPU.Build.0 = Release|Any CPU
	EndGlobalSection
	GlobalSection(SolutionProperties) = preSolution
		HideSolutionNode = FALSE
	EndGlobalSection
	GlobalSection(ExtensibilityGlobals) = postSolution
		SolutionGuid = {B852D3B5-32F1-4EC1-98B3-7E44A79E16CE}
	EndGlobalSection
EndGlobal
