
Microsoft Visual Studio Solution File, Format Version 12.00
# Visual Studio Version 17
VisualStudioVersion = 17.4.33213.308
MinimumVisualStudioVersion = 10.0.40219.1
Project("{FAE04EC0-301F-11D3-BF4B-00C04F79EFBC}") = "Web", "Web\Web.csproj", "{E81A658B-BE43-4D2A-B42F-C4C7D1A5BF0E}"
EndProject
Global
	GlobalSection(SolutionConfigurationPlatforms) = preSolution
		Debug|Any CPU = Debug|Any CPU
		Release|Any CPU = Release|Any CPU
	EndGlobalSection
	GlobalSection(ProjectConfigurationPlatforms) = postSolution
		{E81A658B-BE43-4D2A-B42F-C4C7D1A5BF0E}.Debug|Any CPU.ActiveCfg = Debug|Any CPU
		{E81A658B-BE43-4D2A-B42F-C4C7D1A5BF0E}.Debug|Any CPU.Build.0 = Debug|Any CPU
		{E81A658B-BE43-4D2A-B42F-C4C7D1A5BF0E}.Release|Any CPU.ActiveCfg = Release|Any CPU
		{E81A658B-BE43-4D2A-B42F-C4C7D1A5BF0E}.Release|Any CPU.Build.0 = Release|Any CPU
	EndGlobalSection
	GlobalSection(SolutionProperties) = preSolution
		HideSolutionNode = FALSE
	EndGlobalSection
	GlobalSection(ExtensibilityGlobals) = postSolution
		SolutionGuid = {6C7F324E-DFD4-4DB2-9A94-B07F012D8BD3}
	EndGlobalSection
EndGlobal
